// !$*UTF8*$!
{
	archiveVersion = 1;
	classes = {
	};
	objectVersion = 50;
	objects = {

/* Begin PBXBuildFile section */
		FF1F3956251DAFAB00EFCFC2 /* OrderCompletedMessage.swift in Sources */ = {isa = PBXBuildFile; fileRef = FF1F3955251DAFAB00EFCFC2 /* OrderCompletedMessage.swift */; };
		FF1F395B251DDC8A00EFCFC2 /* FavoriteProductScrollView.swift in Sources */ = {isa = PBXBuildFile; fileRef = FF1F395A251DDC8A00EFCFC2 /* FavoriteProductScrollView.swift */; };
		FF1F3960251DE73500EFCFC2 /* MainTabView.swift in Sources */ = {isa = PBXBuildFile; fileRef = FF1F395F251DE73500EFCFC2 /* MainTabView.swift */; };
		FF9E91FC251C3B9900E40268 /* QuantitySelector.swift in Sources */ = {isa = PBXBuildFile; fileRef = FF9E91FB251C3B9900E40268 /* QuantitySelector.swift */; };
		FF9E9201251C5D0100E40268 /* FavoriteButton.swift in Sources */ = {isa = PBXBuildFile; fileRef = FF9E9200251C5D0100E40268 /* FavoriteButton.swift */; };
		FF9E9206251C633A00E40268 /* Order.swift in Sources */ = {isa = PBXBuildFile; fileRef = FF9E9205251C633A00E40268 /* Order.swift */; };
		FF9E921E251C9CAA00E40268 /* SystemImage.swift in Sources */ = {isa = PBXBuildFile; fileRef = FF9E921D251C9CAA00E40268 /* SystemImage.swift */; };
		FF9E9223251C9EF500E40268 /* ResizedImage.swift in Sources */ = {isa = PBXBuildFile; fileRef = FF9E9222251C9EF500E40268 /* ResizedImage.swift */; };
		FF9E9229251CA0FD00E40268 /* ShrinkButtonStyle.swift in Sources */ = {isa = PBXBuildFile; fileRef = FF9E9228251CA0FD00E40268 /* ShrinkButtonStyle.swift */; };
		FF9E9237251D785200E40268 /* Popup.swift in Sources */ = {isa = PBXBuildFile; fileRef = FF9E9236251D785200E40268 /* Popup.swift */; };
		FFC62CB5251B348600B4149E /* Preview.swift in Sources */ = {isa = PBXBuildFile; fileRef = FFC62CB4251B348600B4149E /* Preview.swift */; };
		FFD80341251AEF2A0033367A /* BundleExtension.swift in Sources */ = {isa = PBXBuildFile; fileRef = FFD80340251AEF2A0033367A /* BundleExtension.swift */; };
		FFD8034A251AFA7B0033367A /* Store.swift in Sources */ = {isa = PBXBuildFile; fileRef = FFD80349251AFA7B0033367A /* Store.swift */; };
		FFF5DFE025183F3D004253DF /* AppDelegate.swift in Sources */ = {isa = PBXBuildFile; fileRef = FFF5DFDF25183F3D004253DF /* AppDelegate.swift */; };
		FFF5DFE225183F3D004253DF /* SceneDelegate.swift in Sources */ = {isa = PBXBuildFile; fileRef = FFF5DFE125183F3D004253DF /* SceneDelegate.swift */; };
		FFF5DFE625183F3D004253DF /* Assets.xcassets in Resources */ = {isa = PBXBuildFile; fileRef = FFF5DFE525183F3D004253DF /* Assets.xcassets */; };
		FFF5DFE925183F3D004253DF /* Preview Assets.xcassets in Resources */ = {isa = PBXBuildFile; fileRef = FFF5DFE825183F3D004253DF /* Preview Assets.xcassets */; };
		FFF5DFEC25183F3D004253DF /* LaunchScreen.storyboard in Resources */ = {isa = PBXBuildFile; fileRef = FFF5DFEA25183F3D004253DF /* LaunchScreen.storyboard */; };
		FFF5DFF725183F3E004253DF /* studySwiftUITests.swift in Sources */ = {isa = PBXBuildFile; fileRef = FFF5DFF625183F3E004253DF /* studySwiftUITests.swift */; };
		FFF5E00225183F3E004253DF /* studySwiftUIUITests.swift in Sources */ = {isa = PBXBuildFile; fileRef = FFF5E00125183F3E004253DF /* studySwiftUIUITests.swift */; };
		FFF5E0192518729A004253DF /* Home.swift in Sources */ = {isa = PBXBuildFile; fileRef = FFF5E0182518729A004253DF /* Home.swift */; };
		FFF5E02925187430004253DF /* ProductData.json in Resources */ = {isa = PBXBuildFile; fileRef = FFF5E02825187430004253DF /* ProductData.json */; };
		FFF5E12425189980004253DF /* ProductRow.swift in Sources */ = {isa = PBXBuildFile; fileRef = FFF5E12325189980004253DF /* ProductRow.swift */; };
		FFF5E12925189B3B004253DF /* ColorExtension.swift in Sources */ = {isa = PBXBuildFile; fileRef = FFF5E12825189B3B004253DF /* ColorExtension.swift */; };
		FFF5E12E25189DB9004253DF /* Product.swift in Sources */ = {isa = PBXBuildFile; fileRef = FFF5E12D25189DB9004253DF /* Product.swift */; };
		FFFAAD83251B055700C01F15 /* ProductDetailView.swift in Sources */ = {isa = PBXBuildFile; fileRef = FFFAAD82251B055700C01F15 /* ProductDetailView.swift */; };
/* End PBXBuildFile section */

/* Begin PBXContainerItemProxy section */
		FFF5DFF325183F3E004253DF /* PBXContainerItemProxy */ = {
			isa = PBXContainerItemProxy;
			containerPortal = FFF5DFD425183F3D004253DF /* Project object */;
			proxyType = 1;
			remoteGlobalIDString = FFF5DFDB25183F3D004253DF;
			remoteInfo = studySwiftUI;
		};
		FFF5DFFE25183F3E004253DF /* PBXContainerItemProxy */ = {
			isa = PBXContainerItemProxy;
			containerPortal = FFF5DFD425183F3D004253DF /* Project object */;
			proxyType = 1;
			remoteGlobalIDString = FFF5DFDB25183F3D004253DF;
			remoteInfo = studySwiftUI;
		};
/* End PBXContainerItemProxy section */

/* Begin PBXFileReference section */
		FF1F3955251DAFAB00EFCFC2 /* OrderCompletedMessage.swift */ = {isa = PBXFileReference; fileEncoding = 4; lastKnownFileType = sourcecode.swift; path = OrderCompletedMessage.swift; sourceTree = "<group>"; };
		FF1F395A251DDC8A00EFCFC2 /* FavoriteProductScrollView.swift */ = {isa = PBXFileReference; lastKnownFileType = sourcecode.swift; path = FavoriteProductScrollView.swift; sourceTree = "<group>"; };
		FF1F395F251DE73500EFCFC2 /* MainTabView.swift */ = {isa = PBXFileReference; lastKnownFileType = sourcecode.swift; path = MainTabView.swift; sourceTree = "<group>"; };
		FF9E91FB251C3B9900E40268 /* QuantitySelector.swift */ = {isa = PBXFileReference; lastKnownFileType = sourcecode.swift; path = QuantitySelector.swift; sourceTree = "<group>"; };
		FF9E9200251C5D0100E40268 /* FavoriteButton.swift */ = {isa = PBXFileReference; fileEncoding = 4; lastKnownFileType = sourcecode.swift; path = FavoriteButton.swift; sourceTree = "<group>"; };
		FF9E9205251C633A00E40268 /* Order.swift */ = {isa = PBXFileReference; fileEncoding = 4; lastKnownFileType = sourcecode.swift; path = Order.swift; sourceTree = "<group>"; };
		FF9E921D251C9CAA00E40268 /* SystemImage.swift */ = {isa = PBXFileReference; lastKnownFileType = sourcecode.swift; path = SystemImage.swift; sourceTree = "<group>"; };
		FF9E9222251C9EF500E40268 /* ResizedImage.swift */ = {isa = PBXFileReference; lastKnownFileType = sourcecode.swift; path = ResizedImage.swift; sourceTree = "<group>"; };
		FF9E9228251CA0FD00E40268 /* ShrinkButtonStyle.swift */ = {isa = PBXFileReference; lastKnownFileType = sourcecode.swift; path = ShrinkButtonStyle.swift; sourceTree = "<group>"; };
		FF9E9236251D785200E40268 /* Popup.swift */ = {isa = PBXFileReference; lastKnownFileType = sourcecode.swift; path = Popup.swift; sourceTree = "<group>"; };
		FFC62CB4251B348600B4149E /* Preview.swift */ = {isa = PBXFileReference; lastKnownFileType = sourcecode.swift; path = Preview.swift; sourceTree = "<group>"; };
		FFD80340251AEF2A0033367A /* BundleExtension.swift */ = {isa = PBXFileReference; lastKnownFileType = sourcecode.swift; path = BundleExtension.swift; sourceTree = "<group>"; };
		FFD80349251AFA7B0033367A /* Store.swift */ = {isa = PBXFileReference; lastKnownFileType = sourcecode.swift; path = Store.swift; sourceTree = "<group>"; };
		FFF5DFDC25183F3D004253DF /* studySwiftUI.app */ = {isa = PBXFileReference; explicitFileType = wrapper.application; includeInIndex = 0; path = studySwiftUI.app; sourceTree = BUILT_PRODUCTS_DIR; };
		FFF5DFDF25183F3D004253DF /* AppDelegate.swift */ = {isa = PBXFileReference; lastKnownFileType = sourcecode.swift; path = AppDelegate.swift; sourceTree = "<group>"; };
		FFF5DFE125183F3D004253DF /* SceneDelegate.swift */ = {isa = PBXFileReference; lastKnownFileType = sourcecode.swift; path = SceneDelegate.swift; sourceTree = "<group>"; };
		FFF5DFE525183F3D004253DF /* Assets.xcassets */ = {isa = PBXFileReference; lastKnownFileType = folder.assetcatalog; path = Assets.xcassets; sourceTree = "<group>"; };
		FFF5DFE825183F3D004253DF /* Preview Assets.xcassets */ = {isa = PBXFileReference; lastKnownFileType = folder.assetcatalog; path = "Preview Assets.xcassets"; sourceTree = "<group>"; };
		FFF5DFEB25183F3D004253DF /* Base */ = {isa = PBXFileReference; lastKnownFileType = file.storyboard; name = Base; path = Base.lproj/LaunchScreen.storyboard; sourceTree = "<group>"; };
		FFF5DFED25183F3D004253DF /* Info.plist */ = {isa = PBXFileReference; lastKnownFileType = text.plist.xml; path = Info.plist; sourceTree = "<group>"; };
		FFF5DFF225183F3E004253DF /* studySwiftUITests.xctest */ = {isa = PBXFileReference; explicitFileType = wrapper.cfbundle; includeInIndex = 0; path = studySwiftUITests.xctest; sourceTree = BUILT_PRODUCTS_DIR; };
		FFF5DFF625183F3E004253DF /* studySwiftUITests.swift */ = {isa = PBXFileReference; lastKnownFileType = sourcecode.swift; path = studySwiftUITests.swift; sourceTree = "<group>"; };
		FFF5DFF825183F3E004253DF /* Info.plist */ = {isa = PBXFileReference; lastKnownFileType = text.plist.xml; path = Info.plist; sourceTree = "<group>"; };
		FFF5DFFD25183F3E004253DF /* studySwiftUIUITests.xctest */ = {isa = PBXFileReference; explicitFileType = wrapper.cfbundle; includeInIndex = 0; path = studySwiftUIUITests.xctest; sourceTree = BUILT_PRODUCTS_DIR; };
		FFF5E00125183F3E004253DF /* studySwiftUIUITests.swift */ = {isa = PBXFileReference; lastKnownFileType = sourcecode.swift; path = studySwiftUIUITests.swift; sourceTree = "<group>"; };
		FFF5E00325183F3E004253DF /* Info.plist */ = {isa = PBXFileReference; lastKnownFileType = text.plist.xml; path = Info.plist; sourceTree = "<group>"; };
		FFF5E0182518729A004253DF /* Home.swift */ = {isa = PBXFileReference; lastKnownFileType = sourcecode.swift; path = Home.swift; sourceTree = "<group>"; };
		FFF5E02825187430004253DF /* ProductData.json */ = {isa = PBXFileReference; fileEncoding = 4; lastKnownFileType = text.json; path = ProductData.json; sourceTree = "<group>"; };
		FFF5E12325189980004253DF /* ProductRow.swift */ = {isa = PBXFileReference; lastKnownFileType = sourcecode.swift; path = ProductRow.swift; sourceTree = "<group>"; };
		FFF5E12825189B3B004253DF /* ColorExtension.swift */ = {isa = PBXFileReference; lastKnownFileType = sourcecode.swift; path = ColorExtension.swift; sourceTree = "<group>"; };
		FFF5E12D25189DB9004253DF /* Product.swift */ = {isa = PBXFileReference; fileEncoding = 4; lastKnownFileType = sourcecode.swift; path = Product.swift; sourceTree = "<group>"; };
		FFFAAD82251B055700C01F15 /* ProductDetailView.swift */ = {isa = PBXFileReference; lastKnownFileType = sourcecode.swift; path = ProductDetailView.swift; sourceTree = "<group>"; };
/* End PBXFileReference section */

/* Begin PBXFrameworksBuildPhase section */
		FFF5DFD925183F3D004253DF /* Frameworks */ = {
			isa = PBXFrameworksBuildPhase;
			buildActionMask = 2147483647;
			files = (
			);
			runOnlyForDeploymentPostprocessing = 0;
		};
		FFF5DFEF25183F3E004253DF /* Frameworks */ = {
			isa = PBXFrameworksBuildPhase;
			buildActionMask = 2147483647;
			files = (
			);
			runOnlyForDeploymentPostprocessing = 0;
		};
		FFF5DFFA25183F3E004253DF /* Frameworks */ = {
			isa = PBXFrameworksBuildPhase;
			buildActionMask = 2147483647;
			files = (
			);
			runOnlyForDeploymentPostprocessing = 0;
		};
/* End PBXFrameworksBuildPhase section */

/* Begin PBXGroup section */
		FF9E9227251CA0DB00E40268 /* CustomStyle */ = {
			isa = PBXGroup;
			children = (
				FF9E9228251CA0FD00E40268 /* ShrinkButtonStyle.swift */,
			);
			path = CustomStyle;
			sourceTree = "<group>";
		};
		FF9E9235251D782C00E40268 /* ViewModifier */ = {
			isa = PBXGroup;
			children = (
				FF9E9236251D785200E40268 /* Popup.swift */,
			);
			path = ViewModifier;
			sourceTree = "<group>";
		};
		FFC62CB3251B347100B4149E /* CustomView */ = {
			isa = PBXGroup;
			children = (
				FFC62CB4251B348600B4149E /* Preview.swift */,
				FF9E921D251C9CAA00E40268 /* SystemImage.swift */,
				FF9E9222251C9EF500E40268 /* ResizedImage.swift */,
			);
			path = CustomView;
			sourceTree = "<group>";
		};
		FFD8033F251AEF100033367A /* Extension */ = {
			isa = PBXGroup;
			children = (
				FFF5E12825189B3B004253DF /* ColorExtension.swift */,
				FFD80340251AEF2A0033367A /* BundleExtension.swift */,
			);
			path = Extension;
			sourceTree = "<group>";
		};
		FFF5DFD325183F3D004253DF = {
			isa = PBXGroup;
			children = (
				FFF5DFDE25183F3D004253DF /* studySwiftUI */,
				FFF5DFF525183F3E004253DF /* studySwiftUITests */,
				FFF5E00025183F3E004253DF /* studySwiftUIUITests */,
				FFF5DFDD25183F3D004253DF /* Products */,
			);
			sourceTree = "<group>";
		};
		FFF5DFDD25183F3D004253DF /* Products */ = {
			isa = PBXGroup;
			children = (
				FFF5DFDC25183F3D004253DF /* studySwiftUI.app */,
				FFF5DFF225183F3E004253DF /* studySwiftUITests.xctest */,
				FFF5DFFD25183F3E004253DF /* studySwiftUIUITests.xctest */,
			);
			name = Products;
			sourceTree = "<group>";
		};
		FFF5DFDE25183F3D004253DF /* studySwiftUI */ = {
			isa = PBXGroup;
			children = (
				FFF5E0142518724D004253DF /* Source */,
			);
			path = studySwiftUI;
			sourceTree = "<group>";
		};
		FFF5DFE725183F3D004253DF /* Preview Content */ = {
			isa = PBXGroup;
			children = (
				FFF5DFE825183F3D004253DF /* Preview Assets.xcassets */,
			);
			path = "Preview Content";
			sourceTree = "<group>";
		};
		FFF5DFF525183F3E004253DF /* studySwiftUITests */ = {
			isa = PBXGroup;
			children = (
				FFF5DFF625183F3E004253DF /* studySwiftUITests.swift */,
				FFF5DFF825183F3E004253DF /* Info.plist */,
			);
			path = studySwiftUITests;
			sourceTree = "<group>";
		};
		FFF5E00025183F3E004253DF /* studySwiftUIUITests */ = {
			isa = PBXGroup;
			children = (
				FFF5E00125183F3E004253DF /* studySwiftUIUITests.swift */,
				FFF5E00325183F3E004253DF /* Info.plist */,
			);
			path = studySwiftUIUITests;
			sourceTree = "<group>";
		};
		FFF5E0142518724D004253DF /* Source */ = {
			isa = PBXGroup;
			children = (
				FFF5E0152518725E004253DF /* Application */,
				FFF5E0162518726D004253DF /* UserInterface */,
				FFF5E02325187364004253DF /* Model */,
				FFF5E02425187381004253DF /* Helper */,
				FFF5E025251873AF004253DF /* Resources */,
				FFF5E027251873DF004253DF /* Supporting Files */,
				FFF5DFE725183F3D004253DF /* Preview Content */,
			);
			path = Source;
			sourceTree = "<group>";
		};
		FFF5E0152518725E004253DF /* Application */ = {
			isa = PBXGroup;
			children = (
				FFF5DFDF25183F3D004253DF /* AppDelegate.swift */,
				FFF5DFE125183F3D004253DF /* SceneDelegate.swift */,
			);
			path = Application;
			sourceTree = "<group>";
		};
		FFF5E0162518726D004253DF /* UserInterface */ = {
			isa = PBXGroup;
			children = (
				FF1F395F251DE73500EFCFC2 /* MainTabView.swift */,
				FFF5E0172518727E004253DF /* Home */,
			);
			path = UserInterface;
			sourceTree = "<group>";
		};
		FFF5E0172518727E004253DF /* Home */ = {
			isa = PBXGroup;
			children = (
				FFF5E0182518729A004253DF /* Home.swift */,
				FFF5E12325189980004253DF /* ProductRow.swift */,
				FFFAAD82251B055700C01F15 /* ProductDetailView.swift */,
				FF9E91FB251C3B9900E40268 /* QuantitySelector.swift */,
				FF9E9200251C5D0100E40268 /* FavoriteButton.swift */,
				FF1F3955251DAFAB00EFCFC2 /* OrderCompletedMessage.swift */,
				FF1F395A251DDC8A00EFCFC2 /* FavoriteProductScrollView.swift */,
			);
			path = Home;
			sourceTree = "<group>";
		};
		FFF5E02325187364004253DF /* Model */ = {
			isa = PBXGroup;
			children = (
				FFF5E12D25189DB9004253DF /* Product.swift */,
				FFD80349251AFA7B0033367A /* Store.swift */,
				FF9E9205251C633A00E40268 /* Order.swift */,
			);
			path = Model;
			sourceTree = "<group>";
		};
		FFF5E02425187381004253DF /* Helper */ = {
			isa = PBXGroup;
			children = (
				FFD8033F251AEF100033367A /* Extension */,
				FFC62CB3251B347100B4149E /* CustomView */,
				FF9E9227251CA0DB00E40268 /* CustomStyle */,
				FF9E9235251D782C00E40268 /* ViewModifier */,
			);
			path = Helper;
			sourceTree = "<group>";
		};
		FFF5E025251873AF004253DF /* Resources */ = {
			isa = PBXGroup;
			children = (
				FFF5DFE525183F3D004253DF /* Assets.xcassets */,
				FFF5E02825187430004253DF /* ProductData.json */,
			);
			path = Resources;
			sourceTree = "<group>";
		};
		FFF5E027251873DF004253DF /* Supporting Files */ = {
			isa = PBXGroup;
			children = (
				FFF5DFEA25183F3D004253DF /* LaunchScreen.storyboard */,
				FFF5DFED25183F3D004253DF /* Info.plist */,
			);
			path = "Supporting Files";
			sourceTree = "<group>";
		};
/* End PBXGroup section */

/* Begin PBXNativeTarget section */
		FFF5DFDB25183F3D004253DF /* studySwiftUI */ = {
			isa = PBXNativeTarget;
			buildConfigurationList = FFF5E00625183F3E004253DF /* Build configuration list for PBXNativeTarget "studySwiftUI" */;
			buildPhases = (
				FFF5DFD825183F3D004253DF /* Sources */,
				FFF5DFD925183F3D004253DF /* Frameworks */,
				FFF5DFDA25183F3D004253DF /* Resources */,
			);
			buildRules = (
			);
			dependencies = (
			);
			name = studySwiftUI;
			productName = studySwiftUI;
			productReference = FFF5DFDC25183F3D004253DF /* studySwiftUI.app */;
			productType = "com.apple.product-type.application";
		};
		FFF5DFF125183F3E004253DF /* studySwiftUITests */ = {
			isa = PBXNativeTarget;
			buildConfigurationList = FFF5E00925183F3E004253DF /* Build configuration list for PBXNativeTarget "studySwiftUITests" */;
			buildPhases = (
				FFF5DFEE25183F3E004253DF /* Sources */,
				FFF5DFEF25183F3E004253DF /* Frameworks */,
				FFF5DFF025183F3E004253DF /* Resources */,
			);
			buildRules = (
			);
			dependencies = (
				FFF5DFF425183F3E004253DF /* PBXTargetDependency */,
			);
			name = studySwiftUITests;
			productName = studySwiftUITests;
			productReference = FFF5DFF225183F3E004253DF /* studySwiftUITests.xctest */;
			productType = "com.apple.product-type.bundle.unit-test";
		};
		FFF5DFFC25183F3E004253DF /* studySwiftUIUITests */ = {
			isa = PBXNativeTarget;
			buildConfigurationList = FFF5E00C25183F3E004253DF /* Build configuration list for PBXNativeTarget "studySwiftUIUITests" */;
			buildPhases = (
				FFF5DFF925183F3E004253DF /* Sources */,
				FFF5DFFA25183F3E004253DF /* Frameworks */,
				FFF5DFFB25183F3E004253DF /* Resources */,
			);
			buildRules = (
			);
			dependencies = (
				FFF5DFFF25183F3E004253DF /* PBXTargetDependency */,
			);
			name = studySwiftUIUITests;
			productName = studySwiftUIUITests;
			productReference = FFF5DFFD25183F3E004253DF /* studySwiftUIUITests.xctest */;
			productType = "com.apple.product-type.bundle.ui-testing";
		};
/* End PBXNativeTarget section */

/* Begin PBXProject section */
		FFF5DFD425183F3D004253DF /* Project object */ = {
			isa = PBXProject;
			attributes = {
				LastSwiftUpdateCheck = 1200;
				LastUpgradeCheck = 1200;
				TargetAttributes = {
					FFF5DFDB25183F3D004253DF = {
						CreatedOnToolsVersion = 12.0;
					};
					FFF5DFF125183F3E004253DF = {
						CreatedOnToolsVersion = 12.0;
						TestTargetID = FFF5DFDB25183F3D004253DF;
					};
					FFF5DFFC25183F3E004253DF = {
						CreatedOnToolsVersion = 12.0;
						TestTargetID = FFF5DFDB25183F3D004253DF;
					};
				};
			};
			buildConfigurationList = FFF5DFD725183F3D004253DF /* Build configuration list for PBXProject "studySwiftUI" */;
			compatibilityVersion = "Xcode 9.3";
			developmentRegion = en;
			hasScannedForEncodings = 0;
			knownRegions = (
				en,
				Base,
			);
			mainGroup = FFF5DFD325183F3D004253DF;
			productRefGroup = FFF5DFDD25183F3D004253DF /* Products */;
			projectDirPath = "";
			projectRoot = "";
			targets = (
				FFF5DFDB25183F3D004253DF /* studySwiftUI */,
				FFF5DFF125183F3E004253DF /* studySwiftUITests */,
				FFF5DFFC25183F3E004253DF /* studySwiftUIUITests */,
			);
		};
/* End PBXProject section */

/* Begin PBXResourcesBuildPhase section */
		FFF5DFDA25183F3D004253DF /* Resources */ = {
			isa = PBXResourcesBuildPhase;
			buildActionMask = 2147483647;
			files = (
				FFF5DFEC25183F3D004253DF /* LaunchScreen.storyboard in Resources */,
				FFF5DFE925183F3D004253DF /* Preview Assets.xcassets in Resources */,
				FFF5DFE625183F3D004253DF /* Assets.xcassets in Resources */,
				FFF5E02925187430004253DF /* ProductData.json in Resources */,
			);
			runOnlyForDeploymentPostprocessing = 0;
		};
		FFF5DFF025183F3E004253DF /* Resources */ = {
			isa = PBXResourcesBuildPhase;
			buildActionMask = 2147483647;
			files = (
			);
			runOnlyForDeploymentPostprocessing = 0;
		};
		FFF5DFFB25183F3E004253DF /* Resources */ = {
			isa = PBXResourcesBuildPhase;
			buildActionMask = 2147483647;
			files = (
			);
			runOnlyForDeploymentPostprocessing = 0;
		};
/* End PBXResourcesBuildPhase section */

/* Begin PBXSourcesBuildPhase section */
		FFF5DFD825183F3D004253DF /* Sources */ = {
			isa = PBXSourcesBuildPhase;
			buildActionMask = 2147483647;
			files = (
				FF1F395B251DDC8A00EFCFC2 /* FavoriteProductScrollView.swift in Sources */,
				FF9E9223251C9EF500E40268 /* ResizedImage.swift in Sources */,
				FFF5E12425189980004253DF /* ProductRow.swift in Sources */,
				FFF5DFE025183F3D004253DF /* AppDelegate.swift in Sources */,
				FFC62CB5251B348600B4149E /* Preview.swift in Sources */,
				FF9E9201251C5D0100E40268 /* FavoriteButton.swift in Sources */,
				FF9E91FC251C3B9900E40268 /* QuantitySelector.swift in Sources */,
				FFF5DFE225183F3D004253DF /* SceneDelegate.swift in Sources */,
				FFD8034A251AFA7B0033367A /* Store.swift in Sources */,
				FF9E9237251D785200E40268 /* Popup.swift in Sources */,
				FFD80341251AEF2A0033367A /* BundleExtension.swift in Sources */,
				FFF5E0192518729A004253DF /* Home.swift in Sources */,
				FFF5E12925189B3B004253DF /* ColorExtension.swift in Sources */,
				FF1F3956251DAFAB00EFCFC2 /* OrderCompletedMessage.swift in Sources */,
				FF9E9206251C633A00E40268 /* Order.swift in Sources */,
				FFF5E12E25189DB9004253DF /* Product.swift in Sources */,
				FF9E921E251C9CAA00E40268 /* SystemImage.swift in Sources */,
				FF9E9229251CA0FD00E40268 /* ShrinkButtonStyle.swift in Sources */,
				FFFAAD83251B055700C01F15 /* ProductDetailView.swift in Sources */,
				FF1F3960251DE73500EFCFC2 /* MainTabView.swift in Sources */,
			);
			runOnlyForDeploymentPostprocessing = 0;
		};
		FFF5DFEE25183F3E004253DF /* Sources */ = {
			isa = PBXSourcesBuildPhase;
			buildActionMask = 2147483647;
			files = (
				FFF5DFF725183F3E004253DF /* studySwiftUITests.swift in Sources */,
			);
			runOnlyForDeploymentPostprocessing = 0;
		};
		FFF5DFF925183F3E004253DF /* Sources */ = {
			isa = PBXSourcesBuildPhase;
			buildActionMask = 2147483647;
			files = (
				FFF5E00225183F3E004253DF /* studySwiftUIUITests.swift in Sources */,
			);
			runOnlyForDeploymentPostprocessing = 0;
		};
/* End PBXSourcesBuildPhase section */

/* Begin PBXTargetDependency section */
		FFF5DFF425183F3E004253DF /* PBXTargetDependency */ = {
			isa = PBXTargetDependency;
			target = FFF5DFDB25183F3D004253DF /* studySwiftUI */;
			targetProxy = FFF5DFF325183F3E004253DF /* PBXContainerItemProxy */;
		};
		FFF5DFFF25183F3E004253DF /* PBXTargetDependency */ = {
			isa = PBXTargetDependency;
			target = FFF5DFDB25183F3D004253DF /* studySwiftUI */;
			targetProxy = FFF5DFFE25183F3E004253DF /* PBXContainerItemProxy */;
		};
/* End PBXTargetDependency section */

/* Begin PBXVariantGroup section */
		FFF5DFEA25183F3D004253DF /* LaunchScreen.storyboard */ = {
			isa = PBXVariantGroup;
			children = (
				FFF5DFEB25183F3D004253DF /* Base */,
			);
			name = LaunchScreen.storyboard;
			sourceTree = "<group>";
		};
/* End PBXVariantGroup section */

/* Begin XCBuildConfiguration section */
		FFF5E00425183F3E004253DF /* Debug */ = {
			isa = XCBuildConfiguration;
			buildSettings = {
				ALWAYS_SEARCH_USER_PATHS = NO;
				CLANG_ANALYZER_NONNULL = YES;
				CLANG_ANALYZER_NUMBER_OBJECT_CONVERSION = YES_AGGRESSIVE;
				CLANG_CXX_LANGUAGE_STANDARD = "gnu++14";
				CLANG_CXX_LIBRARY = "libc++";
				CLANG_ENABLE_MODULES = YES;
				CLANG_ENABLE_OBJC_ARC = YES;
				CLANG_ENABLE_OBJC_WEAK = YES;
				CLANG_WARN_BLOCK_CAPTURE_AUTORELEASING = YES;
				CLANG_WARN_BOOL_CONVERSION = YES;
				CLANG_WARN_COMMA = YES;
				CLANG_WARN_CONSTANT_CONVERSION = YES;
				CLANG_WARN_DEPRECATED_OBJC_IMPLEMENTATIONS = YES;
				CLANG_WARN_DIRECT_OBJC_ISA_USAGE = YES_ERROR;
				CLANG_WARN_DOCUMENTATION_COMMENTS = YES;
				CLANG_WARN_EMPTY_BODY = YES;
				CLANG_WARN_ENUM_CONVERSION = YES;
				CLANG_WARN_INFINITE_RECURSION = YES;
				CLANG_WARN_INT_CONVERSION = YES;
				CLANG_WARN_NON_LITERAL_NULL_CONVERSION = YES;
				CLANG_WARN_OBJC_IMPLICIT_RETAIN_SELF = YES;
				CLANG_WARN_OBJC_LITERAL_CONVERSION = YES;
				CLANG_WARN_OBJC_ROOT_CLASS = YES_ERROR;
				CLANG_WARN_QUOTED_INCLUDE_IN_FRAMEWORK_HEADER = YES;
				CLANG_WARN_RANGE_LOOP_ANALYSIS = YES;
				CLANG_WARN_STRICT_PROTOTYPES = YES;
				CLANG_WARN_SUSPICIOUS_MOVE = YES;
				CLANG_WARN_UNGUARDED_AVAILABILITY = YES_AGGRESSIVE;
				CLANG_WARN_UNREACHABLE_CODE = YES;
				CLANG_WARN__DUPLICATE_METHOD_MATCH = YES;
				COPY_PHASE_STRIP = NO;
				DEBUG_INFORMATION_FORMAT = dwarf;
				ENABLE_STRICT_OBJC_MSGSEND = YES;
				ENABLE_TESTABILITY = YES;
				GCC_C_LANGUAGE_STANDARD = gnu11;
				GCC_DYNAMIC_NO_PIC = NO;
				GCC_NO_COMMON_BLOCKS = YES;
				GCC_OPTIMIZATION_LEVEL = 0;
				GCC_PREPROCESSOR_DEFINITIONS = (
					"DEBUG=1",
					"$(inherited)",
				);
				GCC_WARN_64_TO_32_BIT_CONVERSION = YES;
				GCC_WARN_ABOUT_RETURN_TYPE = YES_ERROR;
				GCC_WARN_UNDECLARED_SELECTOR = YES;
				GCC_WARN_UNINITIALIZED_AUTOS = YES_AGGRESSIVE;
				GCC_WARN_UNUSED_FUNCTION = YES;
				GCC_WARN_UNUSED_VARIABLE = YES;
				IPHONEOS_DEPLOYMENT_TARGET = 14.0;
				MTL_ENABLE_DEBUG_INFO = INCLUDE_SOURCE;
				MTL_FAST_MATH = YES;
				ONLY_ACTIVE_ARCH = YES;
				SDKROOT = iphoneos;
				SWIFT_ACTIVE_COMPILATION_CONDITIONS = DEBUG;
				SWIFT_OPTIMIZATION_LEVEL = "-Onone";
			};
			name = Debug;
		};
		FFF5E00525183F3E004253DF /* Release */ = {
			isa = XCBuildConfiguration;
			buildSettings = {
				ALWAYS_SEARCH_USER_PATHS = NO;
				CLANG_ANALYZER_NONNULL = YES;
				CLANG_ANALYZER_NUMBER_OBJECT_CONVERSION = YES_AGGRESSIVE;
				CLANG_CXX_LANGUAGE_STANDARD = "gnu++14";
				CLANG_CXX_LIBRARY = "libc++";
				CLANG_ENABLE_MODULES = YES;
				CLANG_ENABLE_OBJC_ARC = YES;
				CLANG_ENABLE_OBJC_WEAK = YES;
				CLANG_WARN_BLOCK_CAPTURE_AUTORELEASING = YES;
				CLANG_WARN_BOOL_CONVERSION = YES;
				CLANG_WARN_COMMA = YES;
				CLANG_WARN_CONSTANT_CONVERSION = YES;
				CLANG_WARN_DEPRECATED_OBJC_IMPLEMENTATIONS = YES;
				CLANG_WARN_DIRECT_OBJC_ISA_USAGE = YES_ERROR;
				CLANG_WARN_DOCUMENTATION_COMMENTS = YES;
				CLANG_WARN_EMPTY_BODY = YES;
				CLANG_WARN_ENUM_CONVERSION = YES;
				CLANG_WARN_INFINITE_RECURSION = YES;
				CLANG_WARN_INT_CONVERSION = YES;
				CLANG_WARN_NON_LITERAL_NULL_CONVERSION = YES;
				CLANG_WARN_OBJC_IMPLICIT_RETAIN_SELF = YES;
				CLANG_WARN_OBJC_LITERAL_CONVERSION = YES;
				CLANG_WARN_OBJC_ROOT_CLASS = YES_ERROR;
				CLANG_WARN_QUOTED_INCLUDE_IN_FRAMEWORK_HEADER = YES;
				CLANG_WARN_RANGE_LOOP_ANALYSIS = YES;
				CLANG_WARN_STRICT_PROTOTYPES = YES;
				CLANG_WARN_SUSPICIOUS_MOVE = YES;
				CLANG_WARN_UNGUARDED_AVAILABILITY = YES_AGGRESSIVE;
				CLANG_WARN_UNREACHABLE_CODE = YES;
				CLANG_WARN__DUPLICATE_METHOD_MATCH = YES;
				COPY_PHASE_STRIP = NO;
				DEBUG_INFORMATION_FORMAT = "dwarf-with-dsym";
				ENABLE_NS_ASSERTIONS = NO;
				ENABLE_STRICT_OBJC_MSGSEND = YES;
				GCC_C_LANGUAGE_STANDARD = gnu11;
				GCC_NO_COMMON_BLOCKS = YES;
				GCC_WARN_64_TO_32_BIT_CONVERSION = YES;
				GCC_WARN_ABOUT_RETURN_TYPE = YES_ERROR;
				GCC_WARN_UNDECLARED_SELECTOR = YES;
				GCC_WARN_UNINITIALIZED_AUTOS = YES_AGGRESSIVE;
				GCC_WARN_UNUSED_FUNCTION = YES;
				GCC_WARN_UNUSED_VARIABLE = YES;
				IPHONEOS_DEPLOYMENT_TARGET = 14.0;
				MTL_ENABLE_DEBUG_INFO = NO;
				MTL_FAST_MATH = YES;
				SDKROOT = iphoneos;
				SWIFT_COMPILATION_MODE = wholemodule;
				SWIFT_OPTIMIZATION_LEVEL = "-O";
				VALIDATE_PRODUCT = YES;
			};
			name = Release;
		};
		FFF5E00725183F3E004253DF /* Debug */ = {
			isa = XCBuildConfiguration;
			buildSettings = {
				ASSETCATALOG_COMPILER_APPICON_NAME = AppIcon;
				ASSETCATALOG_COMPILER_GLOBAL_ACCENT_COLOR_NAME = AccentColor;
				CODE_SIGN_STYLE = Automatic;
				DEVELOPMENT_ASSET_PATHS = "";
				ENABLE_PREVIEWS = YES;
				INFOPLIST_FILE = "studySwiftUI/Source/Supporting Files/Info.plist";
				LD_RUNPATH_SEARCH_PATHS = (
					"$(inherited)",
					"@executable_path/Frameworks",
				);
				PRODUCT_BUNDLE_IDENTIFIER = com.yooo.studySwiftUI;
				PRODUCT_NAME = "$(TARGET_NAME)";
				SWIFT_VERSION = 5.0;
				TARGETED_DEVICE_FAMILY = "1,2";
			};
			name = Debug;
		};
		FFF5E00825183F3E004253DF /* Release */ = {
			isa = XCBuildConfiguration;
			buildSettings = {
				ASSETCATALOG_COMPILER_APPICON_NAME = AppIcon;
				ASSETCATALOG_COMPILER_GLOBAL_ACCENT_COLOR_NAME = AccentColor;
				CODE_SIGN_STYLE = Automatic;
				DEVELOPMENT_ASSET_PATHS = "";
				ENABLE_PREVIEWS = YES;
				INFOPLIST_FILE = "studySwiftUI/Source/Supporting Files/Info.plist";
				LD_RUNPATH_SEARCH_PATHS = (
					"$(inherited)",
					"@executable_path/Frameworks",
				);
				PRODUCT_BUNDLE_IDENTIFIER = com.yooo.studySwiftUI;
				PRODUCT_NAME = "$(TARGET_NAME)";
				SWIFT_VERSION = 5.0;
				TARGETED_DEVICE_FAMILY = "1,2";
			};
			name = Release;
		};
		FFF5E00A25183F3E004253DF /* Debug */ = {
			isa = XCBuildConfiguration;
			buildSettings = {
				ALWAYS_EMBED_SWIFT_STANDARD_LIBRARIES = YES;
				BUNDLE_LOADER = "$(TEST_HOST)";
				CODE_SIGN_STYLE = Automatic;
				INFOPLIST_FILE = studySwiftUITests/Info.plist;
				IPHONEOS_DEPLOYMENT_TARGET = 14.0;
				LD_RUNPATH_SEARCH_PATHS = (
					"$(inherited)",
					"@executable_path/Frameworks",
					"@loader_path/Frameworks",
				);
				PRODUCT_BUNDLE_IDENTIFIER = com.yooo.studySwiftUITests;
				PRODUCT_NAME = "$(TARGET_NAME)";
				SWIFT_VERSION = 5.0;
				TARGETED_DEVICE_FAMILY = "1,2";
				TEST_HOST = "$(BUILT_PRODUCTS_DIR)/studySwiftUI.app/studySwiftUI";
			};
			name = Debug;
		};
		FFF5E00B25183F3E004253DF /* Release */ = {
			isa = XCBuildConfiguration;
			buildSettings = {
				ALWAYS_EMBED_SWIFT_STANDARD_LIBRARIES = YES;
				BUNDLE_LOADER = "$(TEST_HOST)";
				CODE_SIGN_STYLE = Automatic;
				INFOPLIST_FILE = studySwiftUITests/Info.plist;
				IPHONEOS_DEPLOYMENT_TARGET = 14.0;
				LD_RUNPATH_SEARCH_PATHS = (
					"$(inherited)",
					"@executable_path/Frameworks",
					"@loader_path/Frameworks",
				);
				PRODUCT_BUNDLE_IDENTIFIER = com.yooo.studySwiftUITests;
				PRODUCT_NAME = "$(TARGET_NAME)";
				SWIFT_VERSION = 5.0;
				TARGETED_DEVICE_FAMILY = "1,2";
				TEST_HOST = "$(BUILT_PRODUCTS_DIR)/studySwiftUI.app/studySwiftUI";
			};
			name = Release;
		};
		FFF5E00D25183F3E004253DF /* Debug */ = {
			isa = XCBuildConfiguration;
			buildSettings = {
				ALWAYS_EMBED_SWIFT_STANDARD_LIBRARIES = YES;
				CODE_SIGN_STYLE = Automatic;
				INFOPLIST_FILE = studySwiftUIUITests/Info.plist;
				LD_RUNPATH_SEARCH_PATHS = (
					"$(inherited)",
					"@executable_path/Frameworks",
					"@loader_path/Frameworks",
				);
				PRODUCT_BUNDLE_IDENTIFIER = com.yooo.studySwiftUIUITests;
				PRODUCT_NAME = "$(TARGET_NAME)";
				SWIFT_VERSION = 5.0;
				TARGETED_DEVICE_FAMILY = "1,2";
				TEST_TARGET_NAME = studySwiftUI;
			};
			name = Debug;
		};
		FFF5E00E25183F3E004253DF /* Release */ = {
			isa = XCBuildConfiguration;
			buildSettings = {
				ALWAYS_EMBED_SWIFT_STANDARD_LIBRARIES = YES;
				CODE_SIGN_STYLE = Automatic;
				INFOPLIST_FILE = studySwiftUIUITests/Info.plist;
				LD_RUNPATH_SEARCH_PATHS = (
					"$(inherited)",
					"@executable_path/Frameworks",
					"@loader_path/Frameworks",
				);
				PRODUCT_BUNDLE_IDENTIFIER = com.yooo.studySwiftUIUITests;
				PRODUCT_NAME = "$(TARGET_NAME)";
				SWIFT_VERSION = 5.0;
				TARGETED_DEVICE_FAMILY = "1,2";
				TEST_TARGET_NAME = studySwiftUI;
			};
			name = Release;
		};
/* End XCBuildConfiguration section */

/* Begin XCConfigurationList section */
		FFF5DFD725183F3D004253DF /* Build configuration list for PBXProject "studySwiftUI" */ = {
			isa = XCConfigurationList;
			buildConfigurations = (
				FFF5E00425183F3E004253DF /* Debug */,
				FFF5E00525183F3E004253DF /* Release */,
			);
			defaultConfigurationIsVisible = 0;
			defaultConfigurationName = Release;
		};
		FFF5E00625183F3E004253DF /* Build configuration list for PBXNativeTarget "studySwiftUI" */ = {
			isa = XCConfigurationList;
			buildConfigurations = (
				FFF5E00725183F3E004253DF /* Debug */,
				FFF5E00825183F3E004253DF /* Release */,
			);
			defaultConfigurationIsVisible = 0;
			defaultConfigurationName = Release;
		};
		FFF5E00925183F3E004253DF /* Build configuration list for PBXNativeTarget "studySwiftUITests" */ = {
			isa = XCConfigurationList;
			buildConfigurations = (
				FFF5E00A25183F3E004253DF /* Debug */,
				FFF5E00B25183F3E004253DF /* Release */,
			);
			defaultConfigurationIsVisible = 0;
			defaultConfigurationName = Release;
		};
		FFF5E00C25183F3E004253DF /* Build configuration list for PBXNativeTarget "studySwiftUIUITests" */ = {
			isa = XCConfigurationList;
			buildConfigurations = (
				FFF5E00D25183F3E004253DF /* Debug */,
				FFF5E00E25183F3E004253DF /* Release */,
			);
			defaultConfigurationIsVisible = 0;
			defaultConfigurationName = Release;
		};
/* End XCConfigurationList section */
	};
	rootObject = FFF5DFD425183F3D004253DF /* Project object */;
}
